
Microsoft Visual Studio Solution File, Format Version 12.00
# Visual Studio 15
VisualStudioVersion = 15.0.26221.0
MinimumVisualStudioVersion = 10.0.40219.1
Project("{FAE04EC0-301F-11D3-BF4B-00C04F79EFBC}") = "MyItems", "MyItems\MyItems\MyItems.csproj", "{1886C395-4A55-4053-8F03-D539EF35A175}"
EndProject
Project("{FAE04EC0-301F-11D3-BF4B-00C04F79EFBC}") = "MyItems.Android", "MyItems\MyItems.Android\MyItems.Android.csproj", "{262AC38A-526B-4DBD-AA1F-01DEB4EB981B}"
EndProject
Project("{FAE04EC0-301F-11D3-BF4B-00C04F79EFBC}") = "MyItems.iOS", "MyItems\MyItems.iOS\MyItems.iOS.csproj", "{EA368942-9F4B-443E-B677-15D5C62CA41E}"
EndProject
Project("{FAE04EC0-301F-11D3-BF4B-00C04F79EFBC}") = "MyItems.UWP", "MyItems\MyItems.UWP\MyItems.UWP.csproj", "{DFF8B688-44A1-470E-A6B9-D6AABCB0262A}"
EndProject
Project("{FAE04EC0-301F-11D3-BF4B-00C04F79EFBC}") = "MyItems.MobileAppService", "MyItems\MyItems.MobileAppService\MyItems.MobileAppService.csproj", "{7F553847-ECB9-4D60-94B8-C0879EAFB91F}"
EndProject
Project("{2150E333-8FDC-42A3-9474-1A3956D46DE8}") = "Backend", "Backend", "{9C020AA7-C90B-45D9-B12E-3A9514FF9520}"
EndProject
Global
	GlobalSection(SolutionConfigurationPlatforms) = preSolution
		Debug|Any CPU = Debug|Any CPU
		Debug|ARM = Debug|ARM
		Debug|iPhone = Debug|iPhone
		Debug|iPhoneSimulator = Debug|iPhoneSimulator
		Debug|x64 = Debug|x64
		Debug|x86 = Debug|x86
		Release|Any CPU = Release|Any CPU
		Release|ARM = Release|ARM
		Release|iPhone = Release|iPhone
		Release|iPhoneSimulator = Release|iPhoneSimulator
		Release|x64 = Release|x64
		Release|x86 = Release|x86
	EndGlobalSection
	GlobalSection(ProjectConfigurationPlatforms) = postSolution
		{1886C395-4A55-4053-8F03-D539EF35A175}.Debug|Any CPU.ActiveCfg = Debug|Any CPU
		{1886C395-4A55-4053-8F03-D539EF35A175}.Debug|Any CPU.Build.0 = Debug|Any CPU
		{1886C395-4A55-4053-8F03-D539EF35A175}.Debug|ARM.ActiveCfg = Debug|Any CPU
		{1886C395-4A55-4053-8F03-D539EF35A175}.Debug|ARM.Build.0 = Debug|Any CPU
		{1886C395-4A55-4053-8F03-D539EF35A175}.Debug|iPhone.ActiveCfg = Debug|Any CPU
		{1886C395-4A55-4053-8F03-D539EF35A175}.Debug|iPhone.Build.0 = Debug|Any CPU
		{1886C395-4A55-4053-8F03-D539EF35A175}.Debug|iPhoneSimulator.ActiveCfg = Debug|Any CPU
		{1886C395-4A55-4053-8F03-D539EF35A175}.Debug|iPhoneSimulator.Build.0 = Debug|Any CPU
		{1886C395-4A55-4053-8F03-D539EF35A175}.Debug|x64.ActiveCfg = Debug|Any CPU
		{1886C395-4A55-4053-8F03-D539EF35A175}.Debug|x64.Build.0 = Debug|Any CPU
		{1886C395-4A55-4053-8F03-D539EF35A175}.Debug|x86.ActiveCfg = Debug|Any CPU
		{1886C395-4A55-4053-8F03-D539EF35A175}.Debug|x86.Build.0 = Debug|Any CPU
		{1886C395-4A55-4053-8F03-D539EF35A175}.Release|Any CPU.ActiveCfg = Release|Any CPU
		{1886C395-4A55-4053-8F03-D539EF35A175}.Release|Any CPU.Build.0 = Release|Any CPU
		{1886C395-4A55-4053-8F03-D539EF35A175}.Release|ARM.ActiveCfg = Release|Any CPU
		{1886C395-4A55-4053-8F03-D539EF35A175}.Release|ARM.Build.0 = Release|Any CPU
		{1886C395-4A55-4053-8F03-D539EF35A175}.Release|iPhone.ActiveCfg = Release|Any CPU
		{1886C395-4A55-4053-8F03-D539EF35A175}.Release|iPhone.Build.0 = Release|Any CPU
		{1886C395-4A55-4053-8F03-D539EF35A175}.Release|iPhoneSimulator.ActiveCfg = Release|Any CPU
		{1886C395-4A55-4053-8F03-D539EF35A175}.Release|iPhoneSimulator.Build.0 = Release|Any CPU
		{1886C395-4A55-4053-8F03-D539EF35A175}.Release|x64.ActiveCfg = Release|Any CPU
		{1886C395-4A55-4053-8F03-D539EF35A175}.Release|x64.Build.0 = Release|Any CPU
		{1886C395-4A55-4053-8F03-D539EF35A175}.Release|x86.ActiveCfg = Release|Any CPU
		{1886C395-4A55-4053-8F03-D539EF35A175}.Release|x86.Build.0 = Release|Any CPU
		{262AC38A-526B-4DBD-AA1F-01DEB4EB981B}.Debug|Any CPU.ActiveCfg = Debug|Any CPU
		{262AC38A-526B-4DBD-AA1F-01DEB4EB981B}.Debug|Any CPU.Build.0 = Debug|Any CPU
		{262AC38A-526B-4DBD-AA1F-01DEB4EB981B}.Debug|Any CPU.Deploy.0 = Debug|Any CPU
		{262AC38A-526B-4DBD-AA1F-01DEB4EB981B}.Debug|ARM.ActiveCfg = Debug|Any CPU
		{262AC38A-526B-4DBD-AA1F-01DEB4EB981B}.Debug|ARM.Build.0 = Debug|Any CPU
		{262AC38A-526B-4DBD-AA1F-01DEB4EB981B}.Debug|ARM.Deploy.0 = Debug|Any CPU
		{262AC38A-526B-4DBD-AA1F-01DEB4EB981B}.Debug|iPhone.ActiveCfg = Debug|Any CPU
		{262AC38A-526B-4DBD-AA1F-01DEB4EB981B}.Debug|iPhone.Build.0 = Debug|Any CPU
		{262AC38A-526B-4DBD-AA1F-01DEB4EB981B}.Debug|iPhone.Deploy.0 = Debug|Any CPU
		{262AC38A-526B-4DBD-AA1F-01DEB4EB981B}.Debug|iPhoneSimulator.ActiveCfg = Debug|Any CPU
		{262AC38A-526B-4DBD-AA1F-01DEB4EB981B}.Debug|iPhoneSimulator.Build.0 = Debug|Any CPU
		{262AC38A-526B-4DBD-AA1F-01DEB4EB981B}.Debug|iPhoneSimulator.Deploy.0 = Debug|Any CPU
		{262AC38A-526B-4DBD-AA1F-01DEB4EB981B}.Debug|x64.ActiveCfg = Debug|Any CPU
		{262AC38A-526B-4DBD-AA1F-01DEB4EB981B}.Debug|x64.Build.0 = Debug|Any CPU
		{262AC38A-526B-4DBD-AA1F-01DEB4EB981B}.Debug|x64.Deploy.0 = Debug|Any CPU
		{262AC38A-526B-4DBD-AA1F-01DEB4EB981B}.Debug|x86.ActiveCfg = Debug|Any CPU
		{262AC38A-526B-4DBD-AA1F-01DEB4EB981B}.Debug|x86.Build.0 = Debug|Any CPU
		{262AC38A-526B-4DBD-AA1F-01DEB4EB981B}.Debug|x86.Deploy.0 = Debug|Any CPU
		{262AC38A-526B-4DBD-AA1F-01DEB4EB981B}.Release|Any CPU.ActiveCfg = Release|Any CPU
		{262AC38A-526B-4DBD-AA1F-01DEB4EB981B}.Release|Any CPU.Build.0 = Release|Any CPU
		{262AC38A-526B-4DBD-AA1F-01DEB4EB981B}.Release|Any CPU.Deploy.0 = Release|Any CPU
		{262AC38A-526B-4DBD-AA1F-01DEB4EB981B}.Release|ARM.ActiveCfg = Release|Any CPU
		{262AC38A-526B-4DBD-AA1F-01DEB4EB981B}.Release|ARM.Build.0 = Release|Any CPU
		{262AC38A-526B-4DBD-AA1F-01DEB4EB981B}.Release|ARM.Deploy.0 = Release|Any CPU
		{262AC38A-526B-4DBD-AA1F-01DEB4EB981B}.Release|iPhone.ActiveCfg = Release|Any CPU
		{262AC38A-526B-4DBD-AA1F-01DEB4EB981B}.Release|iPhone.Build.0 = Release|Any CPU
		{262AC38A-526B-4DBD-AA1F-01DEB4EB981B}.Release|iPhone.Deploy.0 = Release|Any CPU
		{262AC38A-526B-4DBD-AA1F-01DEB4EB981B}.Release|iPhoneSimulator.ActiveCfg = Release|Any CPU
		{262AC38A-526B-4DBD-AA1F-01DEB4EB981B}.Release|iPhoneSimulator.Build.0 = Release|Any CPU
		{262AC38A-526B-4DBD-AA1F-01DEB4EB981B}.Release|iPhoneSimulator.Deploy.0 = Release|Any CPU
		{262AC38A-526B-4DBD-AA1F-01DEB4EB981B}.Release|x64.ActiveCfg = Release|Any CPU
		{262AC38A-526B-4DBD-AA1F-01DEB4EB981B}.Release|x64.Build.0 = Release|Any CPU
		{262AC38A-526B-4DBD-AA1F-01DEB4EB981B}.Release|x64.Deploy.0 = Release|Any CPU
		{262AC38A-526B-4DBD-AA1F-01DEB4EB981B}.Release|x86.ActiveCfg = Release|Any CPU
		{262AC38A-526B-4DBD-AA1F-01DEB4EB981B}.Release|x86.Build.0 = Release|Any CPU
		{262AC38A-526B-4DBD-AA1F-01DEB4EB981B}.Release|x86.Deploy.0 = Release|Any CPU
		{EA368942-9F4B-443E-B677-15D5C62CA41E}.Debug|Any CPU.ActiveCfg = Debug|iPhone
		{EA368942-9F4B-443E-B677-15D5C62CA41E}.Debug|ARM.ActiveCfg = Debug|iPhone
		{EA368942-9F4B-443E-B677-15D5C62CA41E}.Debug|iPhone.ActiveCfg = Debug|iPhone
		{EA368942-9F4B-443E-B677-15D5C62CA41E}.Debug|iPhone.Build.0 = Debug|iPhone
		{EA368942-9F4B-443E-B677-15D5C62CA41E}.Debug|iPhoneSimulator.ActiveCfg = Debug|iPhoneSimulator
		{EA368942-9F4B-443E-B677-15D5C62CA41E}.Debug|iPhoneSimulator.Build.0 = Debug|iPhoneSimulator
		{EA368942-9F4B-443E-B677-15D5C62CA41E}.Debug|x64.ActiveCfg = Debug|iPhone
		{EA368942-9F4B-443E-B677-15D5C62CA41E}.Debug|x86.ActiveCfg = Debug|iPhone
		{EA368942-9F4B-443E-B677-15D5C62CA41E}.Release|Any CPU.ActiveCfg = Release|iPhone
		{EA368942-9F4B-443E-B677-15D5C62CA41E}.Release|ARM.ActiveCfg = Release|iPhone
		{EA368942-9F4B-443E-B677-15D5C62CA41E}.Release|iPhone.ActiveCfg = Release|iPhone
		{EA368942-9F4B-443E-B677-15D5C62CA41E}.Release|iPhone.Build.0 = Release|iPhone
		{EA368942-9F4B-443E-B677-15D5C62CA41E}.Release|iPhoneSimulator.ActiveCfg = Release|iPhoneSimulator
		{EA368942-9F4B-443E-B677-15D5C62CA41E}.Release|iPhoneSimulator.Build.0 = Release|iPhoneSimulator
		{EA368942-9F4B-443E-B677-15D5C62CA41E}.Release|x64.ActiveCfg = Release|iPhone
		{EA368942-9F4B-443E-B677-15D5C62CA41E}.Release|x86.ActiveCfg = Release|iPhone
		{DFF8B688-44A1-470E-A6B9-D6AABCB0262A}.Debug|Any CPU.ActiveCfg = Debug|x86
		{DFF8B688-44A1-470E-A6B9-D6AABCB0262A}.Debug|Any CPU.Build.0 = Debug|x86
		{DFF8B688-44A1-470E-A6B9-D6AABCB0262A}.Debug|Any CPU.Deploy.0 = Debug|x86
		{DFF8B688-44A1-470E-A6B9-D6AABCB0262A}.Debug|ARM.ActiveCfg = Debug|ARM
		{DFF8B688-44A1-470E-A6B9-D6AABCB0262A}.Debug|ARM.Build.0 = Debug|ARM
		{DFF8B688-44A1-470E-A6B9-D6AABCB0262A}.Debug|ARM.Deploy.0 = Debug|ARM
		{DFF8B688-44A1-470E-A6B9-D6AABCB0262A}.Debug|iPhone.ActiveCfg = Debug|x86
		{DFF8B688-44A1-470E-A6B9-D6AABCB0262A}.Debug|iPhoneSimulator.ActiveCfg = Debug|x86
		{DFF8B688-44A1-470E-A6B9-D6AABCB0262A}.Debug|x64.ActiveCfg = Debug|x64
		{DFF8B688-44A1-470E-A6B9-D6AABCB0262A}.Debug|x64.Build.0 = Debug|x64
		{DFF8B688-44A1-470E-A6B9-D6AABCB0262A}.Debug|x64.Deploy.0 = Debug|x64
		{DFF8B688-44A1-470E-A6B9-D6AABCB0262A}.Debug|x86.ActiveCfg = Debug|x86
		{DFF8B688-44A1-470E-A6B9-D6AABCB0262A}.Debug|x86.Build.0 = Debug|x86
		{DFF8B688-44A1-470E-A6B9-D6AABCB0262A}.Debug|x86.Deploy.0 = Debug|x86
		{DFF8B688-44A1-470E-A6B9-D6AABCB0262A}.Release|Any CPU.ActiveCfg = Release|x86
		{DFF8B688-44A1-470E-A6B9-D6AABCB0262A}.Release|ARM.ActiveCfg = Release|ARM
		{DFF8B688-44A1-470E-A6B9-D6AABCB0262A}.Release|ARM.Build.0 = Release|ARM
		{DFF8B688-44A1-470E-A6B9-D6AABCB0262A}.Release|ARM.Deploy.0 = Release|ARM
		{DFF8B688-44A1-470E-A6B9-D6AABCB0262A}.Release|iPhone.ActiveCfg = Release|x86
		{DFF8B688-44A1-470E-A6B9-D6AABCB0262A}.Release|iPhoneSimulator.ActiveCfg = Release|x86
		{DFF8B688-44A1-470E-A6B9-D6AABCB0262A}.Release|x64.ActiveCfg = Release|x64
		{DFF8B688-44A1-470E-A6B9-D6AABCB0262A}.Release|x64.Build.0 = Release|x64
		{DFF8B688-44A1-470E-A6B9-D6AABCB0262A}.Release|x64.Deploy.0 = Release|x64
		{DFF8B688-44A1-470E-A6B9-D6AABCB0262A}.Release|x86.ActiveCfg = Release|x86
		{DFF8B688-44A1-470E-A6B9-D6AABCB0262A}.Release|x86.Build.0 = Release|x86
		{DFF8B688-44A1-470E-A6B9-D6AABCB0262A}.Release|x86.Deploy.0 = Release|x86
		{7F553847-ECB9-4D60-94B8-C0879EAFB91F}.Debug|Any CPU.ActiveCfg = Debug|Any CPU
		{7F553847-ECB9-4D60-94B8-C0879EAFB91F}.Debug|Any CPU.Build.0 = Debug|Any CPU
		{7F553847-ECB9-4D60-94B8-C0879EAFB91F}.Debug|ARM.ActiveCfg = Debug|Any CPU
		{7F553847-ECB9-4D60-94B8-C0879EAFB91F}.Debug|ARM.Build.0 = Debug|Any CPU
		{7F553847-ECB9-4D60-94B8-C0879EAFB91F}.Debug|iPhone.ActiveCfg = Debug|Any CPU
		{7F553847-ECB9-4D60-94B8-C0879EAFB91F}.Debug|iPhone.Build.0 = Debug|Any CPU
		{7F553847-ECB9-4D60-94B8-C0879EAFB91F}.Debug|iPhoneSimulator.ActiveCfg = Debug|Any CPU
		{7F553847-ECB9-4D60-94B8-C0879EAFB91F}.Debug|iPhoneSimulator.Build.0 = Debug|Any CPU
		{7F553847-ECB9-4D60-94B8-C0879EAFB91F}.Debug|x64.ActiveCfg = Debug|Any CPU
		{7F553847-ECB9-4D60-94B8-C0879EAFB91F}.Debug|x64.Build.0 = Debug|Any CPU
		{7F553847-ECB9-4D60-94B8-C0879EAFB91F}.Debug|x86.ActiveCfg = Debug|Any CPU
		{7F553847-ECB9-4D60-94B8-C0879EAFB91F}.Debug|x86.Build.0 = Debug|Any CPU
		{7F553847-ECB9-4D60-94B8-C0879EAFB91F}.Release|Any CPU.ActiveCfg = Release|Any CPU
		{7F553847-ECB9-4D60-94B8-C0879EAFB91F}.Release|Any CPU.Build.0 = Release|Any CPU
		{7F553847-ECB9-4D60-94B8-C0879EAFB91F}.Release|ARM.ActiveCfg = Release|Any CPU
		{7F553847-ECB9-4D60-94B8-C0879EAFB91F}.Release|ARM.Build.0 = Release|Any CPU
		{7F553847-ECB9-4D60-94B8-C0879EAFB91F}.Release|iPhone.ActiveCfg = Release|Any CPU
		{7F553847-ECB9-4D60-94B8-C0879EAFB91F}.Release|iPhone.Build.0 = Release|Any CPU
		{7F553847-ECB9-4D60-94B8-C0879EAFB91F}.Release|iPhoneSimulator.ActiveCfg = Release|Any CPU
		{7F553847-ECB9-4D60-94B8-C0879EAFB91F}.Release|iPhoneSimulator.Build.0 = Release|Any CPU
		{7F553847-ECB9-4D60-94B8-C0879EAFB91F}.Release|x64.ActiveCfg = Release|Any CPU
		{7F553847-ECB9-4D60-94B8-C0879EAFB91F}.Release|x64.Build.0 = Release|Any CPU
		{7F553847-ECB9-4D60-94B8-C0879EAFB91F}.Release|x86.ActiveCfg = Release|Any CPU
		{7F553847-ECB9-4D60-94B8-C0879EAFB91F}.Release|x86.Build.0 = Release|Any CPU
	EndGlobalSection
	GlobalSection(SolutionProperties) = preSolution
		HideSolutionNode = FALSE
	EndGlobalSection
	GlobalSection(NestedProjects) = preSolution
		{7F553847-ECB9-4D60-94B8-C0879EAFB91F} = {9C020AA7-C90B-45D9-B12E-3A9514FF9520}
	EndGlobalSection
EndGlobal
